# This file is automatically @generated by Poetry 1.5.0 and should not be changed by hand.

[[package]]
name = "six"
version = "1.16.0"
description = "Python 2 and 3 compatibility utilities"
optional = false
python-versions = ">=2.7, !=3.0.*, !=3.1.*, !=3.2.*"
files = [
    {file = "six-1.16.0-py2.py3-none-any.whl", hash = "sha256:8abb2f1d86890a2dfb989f9a77cfcfd3e47c2a354b01111771326f8aa26e0254"},
    {file = "six-1.16.0.tar.gz", hash = "sha256:1e61c37477a1626458e36f7b1d82aa5c9b094fa4802892072e49de9c60c4c926"},
]

[[package]]
name = "transliterate"
version = "1.10.2"
description = "Bi-directional transliterator for Python"
optional = false
python-versions = "*"
files = [
    {file = "transliterate-1.10.2-py2.py3-none-any.whl", hash = "sha256:010a5021bf6021689c4fade0985f3f7b3db1f2f16a48a09a56797f171c08ed42"},
    {file = "transliterate-1.10.2.tar.gz", hash = "sha256:bc608e0d48e687db9c2b1d7ea7c381afe0d1849cad216087d8e03d8d06a57c85"},
]

[package.dependencies]
six = ">=1.1.0"

[metadata]
lock-version = "2.0"
python-versions = "^3.10"
content-hash = "f0299be6668bb90e831e254853b4f4e526be983e12ea15345fe275a9600c0eb4"
